
Microsoft Visual Studio Solution File, Format Version 12.00
# Visual Studio 15
VisualStudioVersion = 15.0.27703.2026
MinimumVisualStudioVersion = 10.0.40219.1
Project("{FAE04EC0-301F-11D3-BF4B-00C04F79EFBC}") = "NugetToolConsole", "Implementation\NugetToolConsole\NugetToolConsole.csproj", "{61804B11-CC40-48A3-B880-723274294E71}"
EndProject
Project("{FAE04EC0-301F-11D3-BF4B-00C04F79EFBC}") = "Utilities", "Implementation\Utilities\Utilities.csproj", "{C7D46C22-0609-4659-B429-DE96EA839BA1}"
EndProject
Global
	GlobalSection(SolutionConfigurationPlatforms) = preSolution
		Debug|Any CPU = Debug|Any CPU
		Release|Any CPU = Release|Any CPU
	EndGlobalSection
	GlobalSection(ProjectConfigurationPlatforms) = postSolution
		{61804B11-CC40-48A3-B880-723274294E71}.Debug|Any CPU.ActiveCfg = Debug|Any CPU
		{61804B11-CC40-48A3-B880-723274294E71}.Debug|Any CPU.Build.0 = Debug|Any CPU
		{61804B11-CC40-48A3-B880-723274294E71}.Release|Any CPU.ActiveCfg = Release|Any CPU
		{61804B11-CC40-48A3-B880-723274294E71}.Release|Any CPU.Build.0 = Release|Any CPU
		{C7D46C22-0609-4659-B429-DE96EA839BA1}.Debug|Any CPU.ActiveCfg = Debug|Any CPU
		{C7D46C22-0609-4659-B429-DE96EA839BA1}.Debug|Any CPU.Build.0 = Debug|Any CPU
		{C7D46C22-0609-4659-B429-DE96EA839BA1}.Release|Any CPU.ActiveCfg = Release|Any CPU
		{C7D46C22-0609-4659-B429-DE96EA839BA1}.Release|Any CPU.Build.0 = Release|Any CPU
	EndGlobalSection
	GlobalSection(SolutionProperties) = preSolution
		HideSolutionNode = FALSE
	EndGlobalSection
	GlobalSection(ExtensibilityGlobals) = postSolution
		SolutionGuid = {153A4005-74C7-4426-96FB-3833AECEC1B5}
	EndGlobalSection
EndGlobal
